# This file is generated by running "yarn install" inside your project.
# Manual changes might be lost - proceed with caution!

__metadata:
  version: 8
  cacheKey: 10c0

"@fullcalendar/core@npm:6.1.11":
  version: 6.1.11
  resolution: "@fullcalendar/core@npm:6.1.11"
  dependencies:
    preact: "npm:~10.12.1"
  checksum: 10c0/24f945d359aa8813496176a29690559842f542a56f91cf89d35261ab98efdeecee506aa0b64d6f561cf2cd9e86259c1997164515c2d593f6067e99b578eb94d3
  languageName: node
  linkType: hard

"@fullcalendar/daygrid@npm:~6.1.11":
  version: 6.1.14
  resolution: "@fullcalendar/daygrid@npm:6.1.14"
  peerDependencies:
    "@fullcalendar/core": ~6.1.14
  checksum: 10c0/4ef6aea9b08c03ca017ebc82449b3855181bfc4f34299f63f582719eaa8944493d4dabf171c5d28e90c39132c60e6761c6b66c2fd63a0f6d75fcec8c4c2387c8
  languageName: node
  linkType: hard

"@fullcalendar/timegrid@npm:6.1.11":
  version: 6.1.11
  resolution: "@fullcalendar/timegrid@npm:6.1.11"
  dependencies:
    "@fullcalendar/daygrid": "npm:~6.1.11"
  peerDependencies:
    "@fullcalendar/core": ~6.1.11
  checksum: 10c0/4a065089d90b7c03bd89f30091f7b5f7af83a3f0ce6fe5c4de954b32af6c353f0c7fdf15cddf5cc55f1531cba7db282e978f8b45ee817f203218bc252ba6d935
  languageName: node
  linkType: hard

"fullcalendar@workspace:.":
  version: 0.0.0-use.local
  resolution: "fullcalendar@workspace:."
  dependencies:
    "@fullcalendar/core": "npm:6.1.11"
    "@fullcalendar/timegrid": "npm:6.1.11"
  languageName: unknown
  linkType: soft

"preact@npm:~10.12.1":
  version: 10.12.1
  resolution: "preact@npm:10.12.1"
  checksum: 10c0/c77a55e897dcf298b7aa13637fed29744d3cf6c083f2832856e8551dbf27303c8b6946569736de16b05cba15c0e44ad404beb236ad9e36583a6fc5e2efad7777
  languageName: node
  linkType: hard
